
Microsoft Visual Studio Solution File, Format Version 12.00
# Visual Studio Version 16
VisualStudioVersion = 16.0.32106.194
MinimumVisualStudioVersion = 10.0.40219.1
Project("{FAE04EC0-301F-11D3-BF4B-00C04F79EFBC}") = "Programacion_faseFinal_cajero", "Programacion_faseFinal_cajero.csproj", "{BAF5FBF2-C54E-4A20-9566-2D4388146728}"
EndProject
Global
	GlobalSection(SolutionConfigurationPlatforms) = preSolution
		Debug|Any CPU = Debug|Any CPU
		Release|Any CPU = Release|Any CPU
	EndGlobalSection
	GlobalSection(ProjectConfigurationPlatforms) = postSolution
		{BAF5FBF2-C54E-4A20-9566-2D4388146728}.Debug|Any CPU.ActiveCfg = Debug|Any CPU
		{BAF5FBF2-C54E-4A20-9566-2D4388146728}.Debug|Any CPU.Build.0 = Debug|Any CPU
		{BAF5FBF2-C54E-4A20-9566-2D4388146728}.Release|Any CPU.ActiveCfg = Release|Any CPU
		{BAF5FBF2-C54E-4A20-9566-2D4388146728}.Release|Any CPU.Build.0 = Release|Any CPU
	EndGlobalSection
	GlobalSection(SolutionProperties) = preSolution
		HideSolutionNode = FALSE
	EndGlobalSection
	GlobalSection(ExtensibilityGlobals) = postSolution
		SolutionGuid = {DEA00CE3-E314-4F03-9AC0-80B15D9A5563}
	EndGlobalSection
EndGlobal
